// !$*UTF8*$!
{
	archiveVersion = 1;
	classes = {
	};
	objectVersion = 56;
	objects = {

/* Begin PBXBuildFile section */
		5334C1FA2A2A00020085EB17 /* SandboxApp.swift in Sources */ = {isa = PBXBuildFile; fileRef = 5334C1F92A2A00020085EB17 /* SandboxApp.swift */; };
		5334C1FC2A2A00020085EB17 /* ContentView.swift in Sources */ = {isa = PBXBuildFile; fileRef = 5334C1FB2A2A00020085EB17 /* ContentView.swift */; };
		5334C1FE2A2A00040085EB17 /* Assets.xcassets in Resources */ = {isa = PBXBuildFile; fileRef = 5334C1FD2A2A00040085EB17 /* Assets.xcassets */; };
		5334C2022A2A00040085EB17 /* Preview Assets.xcassets in Resources */ = {isa = PBXBuildFile; fileRef = 5334C2012A2A00040085EB17 /* Preview Assets.xcassets */; };
		5334C20C2A2A00040085EB17 /* SandboxTests.swift in Sources */ = {isa = PBXBuildFile; fileRef = 5334C20B2A2A00040085EB17 /* SandboxTests.swift */; };
		5334C2162A2A00040085EB17 /* SandboxUITests.swift in Sources */ = {isa = PBXBuildFile; fileRef = 5334C2152A2A00040085EB17 /* SandboxUITests.swift */; };
		5334C2182A2A00040085EB17 /* SandboxUITestsLaunchTests.swift in Sources */ = {isa = PBXBuildFile; fileRef = 5334C2172A2A00040085EB17 /* SandboxUITestsLaunchTests.swift */; };
/* End PBXBuildFile section */

/* Begin PBXContainerItemProxy section */
		5334C2082A2A00040085EB17 /* PBXContainerItemProxy */ = {
			isa = PBXContainerItemProxy;
			containerPortal = 5334C1EE2A2A00020085EB17 /* Project object */;
			proxyType = 1;
			remoteGlobalIDString = 5334C1F52A2A00020085EB17;
			remoteInfo = Sandbox;
		};
		5334C2122A2A00040085EB17 /* PBXContainerItemProxy */ = {
			isa = PBXContainerItemProxy;
			containerPortal = 5334C1EE2A2A00020085EB17 /* Project object */;
			proxyType = 1;
			remoteGlobalIDString = 5334C1F52A2A00020085EB17;
			remoteInfo = Sandbox;
		};
/* End PBXContainerItemProxy section */

/* Begin PBXFileReference section */
		5334C1F62A2A00020085EB17 /* Sandbox.app */ = {isa = PBXFileReference; explicitFileType = wrapper.application; includeInIndex = 0; path = Sandbox.app; sourceTree = BUILT_PRODUCTS_DIR; };
		5334C1F92A2A00020085EB17 /* SandboxApp.swift */ = {isa = PBXFileReference; lastKnownFileType = sourcecode.swift; path = SandboxApp.swift; sourceTree = "<group>"; };
		5334C1FB2A2A00020085EB17 /* ContentView.swift */ = {isa = PBXFileReference; lastKnownFileType = sourcecode.swift; path = ContentView.swift; sourceTree = "<group>"; };
		5334C1FD2A2A00040085EB17 /* Assets.xcassets */ = {isa = PBXFileReference; lastKnownFileType = folder.assetcatalog; path = Assets.xcassets; sourceTree = "<group>"; };
		5334C1FF2A2A00040085EB17 /* Sandbox.entitlements */ = {isa = PBXFileReference; lastKnownFileType = text.plist.entitlements; path = Sandbox.entitlements; sourceTree = "<group>"; };
		5334C2012A2A00040085EB17 /* Preview Assets.xcassets */ = {isa = PBXFileReference; lastKnownFileType = folder.assetcatalog; path = "Preview Assets.xcassets"; sourceTree = "<group>"; };
		5334C2072A2A00040085EB17 /* SandboxTests.xctest */ = {isa = PBXFileReference; explicitFileType = wrapper.cfbundle; includeInIndex = 0; path = SandboxTests.xctest; sourceTree = BUILT_PRODUCTS_DIR; };
		5334C20B2A2A00040085EB17 /* SandboxTests.swift */ = {isa = PBXFileReference; lastKnownFileType = sourcecode.swift; path = SandboxTests.swift; sourceTree = "<group>"; };
		5334C2112A2A00040085EB17 /* SandboxUITests.xctest */ = {isa = PBXFileReference; explicitFileType = wrapper.cfbundle; includeInIndex = 0; path = SandboxUITests.xctest; sourceTree = BUILT_PRODUCTS_DIR; };
		5334C2152A2A00040085EB17 /* SandboxUITests.swift */ = {isa = PBXFileReference; lastKnownFileType = sourcecode.swift; path = SandboxUITests.swift; sourceTree = "<group>"; };
		5334C2172A2A00040085EB17 /* SandboxUITestsLaunchTests.swift */ = {isa = PBXFileReference; lastKnownFileType = sourcecode.swift; path = SandboxUITestsLaunchTests.swift; sourceTree = "<group>"; };
/* End PBXFileReference section */

/* Begin PBXFrameworksBuildPhase section */
		5334C1F32A2A00020085EB17 /* Frameworks */ = {
			isa = PBXFrameworksBuildPhase;
			buildActionMask = 2147483647;
			files = (
			);
			runOnlyForDeploymentPostprocessing = 0;
		};
		5334C2042A2A00040085EB17 /* Frameworks */ = {
			isa = PBXFrameworksBuildPhase;
			buildActionMask = 2147483647;
			files = (
			);
			runOnlyForDeploymentPostprocessing = 0;
		};
		5334C20E2A2A00040085EB17 /* Frameworks */ = {
			isa = PBXFrameworksBuildPhase;
			buildActionMask = 2147483647;
			files = (
			);
			runOnlyForDeploymentPostprocessing = 0;
		};
/* End PBXFrameworksBuildPhase section */

/* Begin PBXGroup section */
		5334C1ED2A2A00020085EB17 = {
			isa = PBXGroup;
			children = (
				5334C1F82A2A00020085EB17 /* Sandbox */,
				5334C20A2A2A00040085EB17 /* SandboxTests */,
				5334C2142A2A00040085EB17 /* SandboxUITests */,
				5334C1F72A2A00020085EB17 /* Products */,
			);
			sourceTree = "<group>";
		};
		5334C1F72A2A00020085EB17 /* Products */ = {
			isa = PBXGroup;
			children = (
				5334C1F62A2A00020085EB17 /* Sandbox.app */,
				5334C2072A2A00040085EB17 /* SandboxTests.xctest */,
				5334C2112A2A00040085EB17 /* SandboxUITests.xctest */,
			);
			name = Products;
			sourceTree = "<group>";
		};
		5334C1F82A2A00020085EB17 /* Sandbox */ = {
			isa = PBXGroup;
			children = (
				5334C1F92A2A00020085EB17 /* SandboxApp.swift */,
				5334C1FB2A2A00020085EB17 /* ContentView.swift */,
				5334C1FD2A2A00040085EB17 /* Assets.xcassets */,
				5334C1FF2A2A00040085EB17 /* Sandbox.entitlements */,
				5334C2002A2A00040085EB17 /* Preview Content */,
			);
			path = Sandbox;
			sourceTree = "<group>";
		};
		5334C2002A2A00040085EB17 /* Preview Content */ = {
			isa = PBXGroup;
			children = (
				5334C2012A2A00040085EB17 /* Preview Assets.xcassets */,
			);
			path = "Preview Content";
			sourceTree = "<group>";
		};
		5334C20A2A2A00040085EB17 /* SandboxTests */ = {
			isa = PBXGroup;
			children = (
				5334C20B2A2A00040085EB17 /* SandboxTests.swift */,
			);
			path = SandboxTests;
			sourceTree = "<group>";
		};
		5334C2142A2A00040085EB17 /* SandboxUITests */ = {
			isa = PBXGroup;
			children = (
				5334C2152A2A00040085EB17 /* SandboxUITests.swift */,
				5334C2172A2A00040085EB17 /* SandboxUITestsLaunchTests.swift */,
			);
			path = SandboxUITests;
			sourceTree = "<group>";
		};
/* End PBXGroup section */

/* Begin PBXNativeTarget section */
		5334C1F52A2A00020085EB17 /* Sandbox */ = {
			isa = PBXNativeTarget;
			buildConfigurationList = 5334C21B2A2A00040085EB17 /* Build configuration list for PBXNativeTarget "Sandbox" */;
			buildPhases = (
				5334C1F22A2A00020085EB17 /* Sources */,
				5334C1F32A2A00020085EB17 /* Frameworks */,
				5334C1F42A2A00020085EB17 /* Resources */,
			);
			buildRules = (
			);
			dependencies = (
			);
			name = Sandbox;
			productName = Sandbox;
			productReference = 5334C1F62A2A00020085EB17 /* Sandbox.app */;
			productType = "com.apple.product-type.application";
		};
		5334C2062A2A00040085EB17 /* SandboxTests */ = {
			isa = PBXNativeTarget;
			buildConfigurationList = 5334C21E2A2A00040085EB17 /* Build configuration list for PBXNativeTarget "SandboxTests" */;
			buildPhases = (
				5334C2032A2A00040085EB17 /* Sources */,
				5334C2042A2A00040085EB17 /* Frameworks */,
				5334C2052A2A00040085EB17 /* Resources */,
			);
			buildRules = (
			);
			dependencies = (
				5334C2092A2A00040085EB17 /* PBXTargetDependency */,
			);
			name = SandboxTests;
			productName = SandboxTests;
			productReference = 5334C2072A2A00040085EB17 /* SandboxTests.xctest */;
			productType = "com.apple.product-type.bundle.unit-test";
		};
		5334C2102A2A00040085EB17 /* SandboxUITests */ = {
			isa = PBXNativeTarget;
			buildConfigurationList = 5334C2212A2A00040085EB17 /* Build configuration list for PBXNativeTarget "SandboxUITests" */;
			buildPhases = (
				5334C20D2A2A00040085EB17 /* Sources */,
				5334C20E2A2A00040085EB17 /* Frameworks */,
				5334C20F2A2A00040085EB17 /* Resources */,
			);
			buildRules = (
			);
			dependencies = (
				5334C2132A2A00040085EB17 /* PBXTargetDependency */,
			);
			name = SandboxUITests;
			productName = SandboxUITests;
			productReference = 5334C2112A2A00040085EB17 /* SandboxUITests.xctest */;
			productType = "com.apple.product-type.bundle.ui-testing";
		};
/* End PBXNativeTarget section */

/* Begin PBXProject section */
		5334C1EE2A2A00020085EB17 /* Project object */ = {
			isa = PBXProject;
			attributes = {
				BuildIndependentTargetsInParallel = 1;
				LastSwiftUpdateCheck = 1430;
				LastUpgradeCheck = 1430;
				TargetAttributes = {
					5334C1F52A2A00020085EB17 = {
						CreatedOnToolsVersion = 14.3;
					};
					5334C2062A2A00040085EB17 = {
						CreatedOnToolsVersion = 14.3;
						TestTargetID = 5334C1F52A2A00020085EB17;
					};
					5334C2102A2A00040085EB17 = {
						CreatedOnToolsVersion = 14.3;
						TestTargetID = 5334C1F52A2A00020085EB17;
					};
				};
			};
			buildConfigurationList = 5334C1F12A2A00020085EB17 /* Build configuration list for PBXProject "Sandbox" */;
			compatibilityVersion = "Xcode 14.0";
			developmentRegion = en;
			hasScannedForEncodings = 0;
			knownRegions = (
				en,
				Base,
			);
			mainGroup = 5334C1ED2A2A00020085EB17;
			productRefGroup = 5334C1F72A2A00020085EB17 /* Products */;
			projectDirPath = "";
			projectRoot = "";
			targets = (
				5334C1F52A2A00020085EB17 /* Sandbox */,
				5334C2062A2A00040085EB17 /* SandboxTests */,
				5334C2102A2A00040085EB17 /* SandboxUITests */,
			);
		};
/* End PBXProject section */

/* Begin PBXResourcesBuildPhase section */
		5334C1F42A2A00020085EB17 /* Resources */ = {
			isa = PBXResourcesBuildPhase;
			buildActionMask = 2147483647;
			files = (
				5334C2022A2A00040085EB17 /* Preview Assets.xcassets in Resources */,
				5334C1FE2A2A00040085EB17 /* Assets.xcassets in Resources */,
			);
			runOnlyForDeploymentPostprocessing = 0;
		};
		5334C2052A2A00040085EB17 /* Resources */ = {
			isa = PBXResourcesBuildPhase;
			buildActionMask = 2147483647;
			files = (
			);
			runOnlyForDeploymentPostprocessing = 0;
		};
		5334C20F2A2A00040085EB17 /* Resources */ = {
			isa = PBXResourcesBuildPhase;
			buildActionMask = 2147483647;
			files = (
			);
			runOnlyForDeploymentPostprocessing = 0;
		};
/* End PBXResourcesBuildPhase section */

/* Begin PBXSourcesBuildPhase section */
		5334C1F22A2A00020085EB17 /* Sources */ = {
			isa = PBXSourcesBuildPhase;
			buildActionMask = 2147483647;
			files = (
				5334C1FC2A2A00020085EB17 /* ContentView.swift in Sources */,
				5334C1FA2A2A00020085EB17 /* SandboxApp.swift in Sources */,
			);
			runOnlyForDeploymentPostprocessing = 0;
		};
		5334C2032A2A00040085EB17 /* Sources */ = {
			isa = PBXSourcesBuildPhase;
			buildActionMask = 2147483647;
			files = (
				5334C20C2A2A00040085EB17 /* SandboxTests.swift in Sources */,
			);
			runOnlyForDeploymentPostprocessing = 0;
		};
		5334C20D2A2A00040085EB17 /* Sources */ = {
			isa = PBXSourcesBuildPhase;
			buildActionMask = 2147483647;
			files = (
				5334C2182A2A00040085EB17 /* SandboxUITestsLaunchTests.swift in Sources */,
				5334C2162A2A00040085EB17 /* SandboxUITests.swift in Sources */,
			);
			runOnlyForDeploymentPostprocessing = 0;
		};
/* End PBXSourcesBuildPhase section */

/* Begin PBXTargetDependency section */
		5334C2092A2A00040085EB17 /* PBXTargetDependency */ = {
			isa = PBXTargetDependency;
			target = 5334C1F52A2A00020085EB17 /* Sandbox */;
			targetProxy = 5334C2082A2A00040085EB17 /* PBXContainerItemProxy */;
		};
		5334C2132A2A00040085EB17 /* PBXTargetDependency */ = {
			isa = PBXTargetDependency;
			target = 5334C1F52A2A00020085EB17 /* Sandbox */;
			targetProxy = 5334C2122A2A00040085EB17 /* PBXContainerItemProxy */;
		};
/* End PBXTargetDependency section */

/* Begin XCBuildConfiguration section */
		5334C2192A2A00040085EB17 /* Debug */ = {
			isa = XCBuildConfiguration;
			buildSettings = {
				ALWAYS_SEARCH_USER_PATHS = NO;
				CLANG_ANALYZER_NONNULL = YES;
				CLANG_ANALYZER_NUMBER_OBJECT_CONVERSION = YES_AGGRESSIVE;
				CLANG_CXX_LANGUAGE_STANDARD = "gnu++20";
				CLANG_ENABLE_MODULES = YES;
				CLANG_ENABLE_OBJC_ARC = YES;
				CLANG_ENABLE_OBJC_WEAK = YES;
				CLANG_WARN_BLOCK_CAPTURE_AUTORELEASING = YES;
				CLANG_WARN_BOOL_CONVERSION = YES;
				CLANG_WARN_COMMA = YES;
				CLANG_WARN_CONSTANT_CONVERSION = YES;
				CLANG_WARN_DEPRECATED_OBJC_IMPLEMENTATIONS = YES;
				CLANG_WARN_DIRECT_OBJC_ISA_USAGE = YES_ERROR;
				CLANG_WARN_DOCUMENTATION_COMMENTS = YES;
				CLANG_WARN_EMPTY_BODY = YES;
				CLANG_WARN_ENUM_CONVERSION = YES;
				CLANG_WARN_INFINITE_RECURSION = YES;
				CLANG_WARN_INT_CONVERSION = YES;
				CLANG_WARN_NON_LITERAL_NULL_CONVERSION = YES;
				CLANG_WARN_OBJC_IMPLICIT_RETAIN_SELF = YES;
				CLANG_WARN_OBJC_LITERAL_CONVERSION = YES;
				CLANG_WARN_OBJC_ROOT_CLASS = YES_ERROR;
				CLANG_WARN_QUOTED_INCLUDE_IN_FRAMEWORK_HEADER = YES;
				CLANG_WARN_RANGE_LOOP_ANALYSIS = YES;
				CLANG_WARN_STRICT_PROTOTYPES = YES;
				CLANG_WARN_SUSPICIOUS_MOVE = YES;
				CLANG_WARN_UNGUARDED_AVAILABILITY = YES_AGGRESSIVE;
				CLANG_WARN_UNREACHABLE_CODE = YES;
				CLANG_WARN__DUPLICATE_METHOD_MATCH = YES;
				COPY_PHASE_STRIP = NO;
				DEBUG_INFORMATION_FORMAT = dwarf;
				ENABLE_STRICT_OBJC_MSGSEND = YES;
				ENABLE_TESTABILITY = YES;
				GCC_C_LANGUAGE_STANDARD = gnu11;
				GCC_DYNAMIC_NO_PIC = NO;
				GCC_NO_COMMON_BLOCKS = YES;
				GCC_OPTIMIZATION_LEVEL = 0;
				GCC_PREPROCESSOR_DEFINITIONS = (
					"DEBUG=1",
					"$(inherited)",
				);
				GCC_WARN_64_TO_32_BIT_CONVERSION = YES;
				GCC_WARN_ABOUT_RETURN_TYPE = YES_ERROR;
				GCC_WARN_UNDECLARED_SELECTOR = YES;
				GCC_WARN_UNINITIALIZED_AUTOS = YES_AGGRESSIVE;
				GCC_WARN_UNUSED_FUNCTION = YES;
				GCC_WARN_UNUSED_VARIABLE = YES;
				MTL_ENABLE_DEBUG_INFO = INCLUDE_SOURCE;
				MTL_FAST_MATH = YES;
				ONLY_ACTIVE_ARCH = YES;
				SWIFT_ACTIVE_COMPILATION_CONDITIONS = DEBUG;
				SWIFT_OPTIMIZATION_LEVEL = "-Onone";
			};
			name = Debug;
		};
		5334C21A2A2A00040085EB17 /* Release */ = {
			isa = XCBuildConfiguration;
			buildSettings = {
				ALWAYS_SEARCH_USER_PATHS = NO;
				CLANG_ANALYZER_NONNULL = YES;
				CLANG_ANALYZER_NUMBER_OBJECT_CONVERSION = YES_AGGRESSIVE;
				CLANG_CXX_LANGUAGE_STANDARD = "gnu++20";
				CLANG_ENABLE_MODULES = YES;
				CLANG_ENABLE_OBJC_ARC = YES;
				CLANG_ENABLE_OBJC_WEAK = YES;
				CLANG_WARN_BLOCK_CAPTURE_AUTORELEASING = YES;
				CLANG_WARN_BOOL_CONVERSION = YES;
				CLANG_WARN_COMMA = YES;
				CLANG_WARN_CONSTANT_CONVERSION = YES;
				CLANG_WARN_DEPRECATED_OBJC_IMPLEMENTATIONS = YES;
				CLANG_WARN_DIRECT_OBJC_ISA_USAGE = YES_ERROR;
				CLANG_WARN_DOCUMENTATION_COMMENTS = YES;
				CLANG_WARN_EMPTY_BODY = YES;
				CLANG_WARN_ENUM_CONVERSION = YES;
				CLANG_WARN_INFINITE_RECURSION = YES;
				CLANG_WARN_INT_CONVERSION = YES;
				CLANG_WARN_NON_LITERAL_NULL_CONVERSION = YES;
				CLANG_WARN_OBJC_IMPLICIT_RETAIN_SELF = YES;
				CLANG_WARN_OBJC_LITERAL_CONVERSION = YES;
				CLANG_WARN_OBJC_ROOT_CLASS = YES_ERROR;
				CLANG_WARN_QUOTED_INCLUDE_IN_FRAMEWORK_HEADER = YES;
				CLANG_WARN_RANGE_LOOP_ANALYSIS = YES;
				CLANG_WARN_STRICT_PROTOTYPES = YES;
				CLANG_WARN_SUSPICIOUS_MOVE = YES;
				CLANG_WARN_UNGUARDED_AVAILABILITY = YES_AGGRESSIVE;
				CLANG_WARN_UNREACHABLE_CODE = YES;
				CLANG_WARN__DUPLICATE_METHOD_MATCH = YES;
				COPY_PHASE_STRIP = NO;
				DEBUG_INFORMATION_FORMAT = "dwarf-with-dsym";
				ENABLE_NS_ASSERTIONS = NO;
				ENABLE_STRICT_OBJC_MSGSEND = YES;
				GCC_C_LANGUAGE_STANDARD = gnu11;
				GCC_NO_COMMON_BLOCKS = YES;
				GCC_WARN_64_TO_32_BIT_CONVERSION = YES;
				GCC_WARN_ABOUT_RETURN_TYPE = YES_ERROR;
				GCC_WARN_UNDECLARED_SELECTOR = YES;
				GCC_WARN_UNINITIALIZED_AUTOS = YES_AGGRESSIVE;
				GCC_WARN_UNUSED_FUNCTION = YES;
				GCC_WARN_UNUSED_VARIABLE = YES;
				MTL_ENABLE_DEBUG_INFO = NO;
				MTL_FAST_MATH = YES;
				SWIFT_COMPILATION_MODE = wholemodule;
				SWIFT_OPTIMIZATION_LEVEL = "-O";
			};
			name = Release;
		};
		5334C21C2A2A00040085EB17 /* Debug */ = {
			isa = XCBuildConfiguration;
			buildSettings = {
				ASSETCATALOG_COMPILER_APPICON_NAME = AppIcon;
				ASSETCATALOG_COMPILER_GLOBAL_ACCENT_COLOR_NAME = AccentColor;
				CODE_SIGN_ENTITLEMENTS = Sandbox/Sandbox.entitlements;
				CODE_SIGN_STYLE = Automatic;
				CURRENT_PROJECT_VERSION = 1;
				DEVELOPMENT_ASSET_PATHS = "\"Sandbox/Preview Content\"";
				ENABLE_PREVIEWS = YES;
				GENERATE_INFOPLIST_FILE = YES;
				"INFOPLIST_KEY_UIApplicationSceneManifest_Generation[sdk=iphoneos*]" = YES;
				"INFOPLIST_KEY_UIApplicationSceneManifest_Generation[sdk=iphonesimulator*]" = YES;
				"INFOPLIST_KEY_UIApplicationSupportsIndirectInputEvents[sdk=iphoneos*]" = YES;
				"INFOPLIST_KEY_UIApplicationSupportsIndirectInputEvents[sdk=iphonesimulator*]" = YES;
				"INFOPLIST_KEY_UILaunchScreen_Generation[sdk=iphoneos*]" = YES;
				"INFOPLIST_KEY_UILaunchScreen_Generation[sdk=iphonesimulator*]" = YES;
				"INFOPLIST_KEY_UIStatusBarStyle[sdk=iphoneos*]" = UIStatusBarStyleDefault;
				"INFOPLIST_KEY_UIStatusBarStyle[sdk=iphonesimulator*]" = UIStatusBarStyleDefault;
				INFOPLIST_KEY_UISupportedInterfaceOrientations_iPad = "UIInterfaceOrientationPortrait UIInterfaceOrientationPortraitUpsideDown UIInterfaceOrientationLandscapeLeft UIInterfaceOrientationLandscapeRight";
				INFOPLIST_KEY_UISupportedInterfaceOrientations_iPhone = "UIInterfaceOrientationPortrait UIInterfaceOrientationLandscapeLeft UIInterfaceOrientationLandscapeRight";
				IPHONEOS_DEPLOYMENT_TARGET = 16.4;
				LD_RUNPATH_SEARCH_PATHS = "@executable_path/Frameworks";
				"LD_RUNPATH_SEARCH_PATHS[sdk=macosx*]" = "@executable_path/../Frameworks";
				MACOSX_DEPLOYMENT_TARGET = 13.3;
				MARKETING_VERSION = 1.0;
				PRODUCT_BUNDLE_IDENTIFIER = com.nn.Sandbox;
				PRODUCT_NAME = "$(TARGET_NAME)";
				SDKROOT = auto;
				SUPPORTED_PLATFORMS = "iphoneos iphonesimulator macosx";
				SWIFT_EMIT_LOC_STRINGS = YES;
				SWIFT_VERSION = 5.0;
				TARGETED_DEVICE_FAMILY = "1,2";
			};
			name = Debug;
		};
		5334C21D2A2A00040085EB17 /* Release */ = {
			isa = XCBuildConfiguration;
			buildSettings = {
				ASSETCATALOG_COMPILER_APPICON_NAME = AppIcon;
				ASSETCATALOG_COMPILER_GLOBAL_ACCENT_COLOR_NAME = AccentColor;
				CODE_SIGN_ENTITLEMENTS = Sandbox/Sandbox.entitlements;
				CODE_SIGN_STYLE = Automatic;
				CURRENT_PROJECT_VERSION = 1;
				DEVELOPMENT_ASSET_PATHS = "\"Sandbox/Preview Content\"";
				ENABLE_PREVIEWS = YES;
				GENERATE_INFOPLIST_FILE = YES;
				"INFOPLIST_KEY_UIApplicationSceneManifest_Generation[sdk=iphoneos*]" = YES;
				"INFOPLIST_KEY_UIApplicationSceneManifest_Generation[sdk=iphonesimulator*]" = YES;
				"INFOPLIST_KEY_UIApplicationSupportsIndirectInputEvents[sdk=iphoneos*]" = YES;
				"INFOPLIST_KEY_UIApplicationSupportsIndirectInputEvents[sdk=iphonesimulator*]" = YES;
				"INFOPLIST_KEY_UILaunchScreen_Generation[sdk=iphoneos*]" = YES;
				"INFOPLIST_KEY_UILaunchScreen_Generation[sdk=iphonesimulator*]" = YES;
				"INFOPLIST_KEY_UIStatusBarStyle[sdk=iphoneos*]" = UIStatusBarStyleDefault;
				"INFOPLIST_KEY_UIStatusBarStyle[sdk=iphonesimulator*]" = UIStatusBarStyleDefault;
				INFOPLIST_KEY_UISupportedInterfaceOrientations_iPad = "UIInterfaceOrientationPortrait UIInterfaceOrientationPortraitUpsideDown UIInterfaceOrientationLandscapeLeft UIInterfaceOrientationLandscapeRight";
				INFOPLIST_KEY_UISupportedInterfaceOrientations_iPhone = "UIInterfaceOrientationPortrait UIInterfaceOrientationLandscapeLeft UIInterfaceOrientationLandscapeRight";
				IPHONEOS_DEPLOYMENT_TARGET = 16.4;
				LD_RUNPATH_SEARCH_PATHS = "@executable_path/Frameworks";
				"LD_RUNPATH_SEARCH_PATHS[sdk=macosx*]" = "@executable_path/../Frameworks";
				MACOSX_DEPLOYMENT_TARGET = 13.3;
				MARKETING_VERSION = 1.0;
				PRODUCT_BUNDLE_IDENTIFIER = com.nn.Sandbox;
				PRODUCT_NAME = "$(TARGET_NAME)";
				SDKROOT = auto;
				SUPPORTED_PLATFORMS = "iphoneos iphonesimulator macosx";
				SWIFT_EMIT_LOC_STRINGS = YES;
				SWIFT_VERSION = 5.0;
				TARGETED_DEVICE_FAMILY = "1,2";
			};
			name = Release;
		};
		5334C21F2A2A00040085EB17 /* Debug */ = {
			isa = XCBuildConfiguration;
			buildSettings = {
				ALWAYS_EMBED_SWIFT_STANDARD_LIBRARIES = YES;
				BUNDLE_LOADER = "$(TEST_HOST)";
				CODE_SIGN_STYLE = Automatic;
				CURRENT_PROJECT_VERSION = 1;
				GENERATE_INFOPLIST_FILE = YES;
				IPHONEOS_DEPLOYMENT_TARGET = 16.4;
				MACOSX_DEPLOYMENT_TARGET = 13.3;
				MARKETING_VERSION = 1.0;
				PRODUCT_BUNDLE_IDENTIFIER = com.nn.SandboxTests;
				PRODUCT_NAME = "$(TARGET_NAME)";
				SDKROOT = auto;
				SUPPORTED_PLATFORMS = "iphoneos iphonesimulator macosx";
				SWIFT_EMIT_LOC_STRINGS = NO;
				SWIFT_VERSION = 5.0;
				TARGETED_DEVICE_FAMILY = "1,2";
				TEST_HOST = "$(BUILT_PRODUCTS_DIR)/Sandbox.app/$(BUNDLE_EXECUTABLE_FOLDER_PATH)/Sandbox";
			};
			name = Debug;
		};
		5334C2202A2A00040085EB17 /* Release */ = {
			isa = XCBuildConfiguration;
			buildSettings = {
				ALWAYS_EMBED_SWIFT_STANDARD_LIBRARIES = YES;
				BUNDLE_LOADER = "$(TEST_HOST)";
				CODE_SIGN_STYLE = Automatic;
				CURRENT_PROJECT_VERSION = 1;
				GENERATE_INFOPLIST_FILE = YES;
				IPHONEOS_DEPLOYMENT_TARGET = 16.4;
				MACOSX_DEPLOYMENT_TARGET = 13.3;
				MARKETING_VERSION = 1.0;
				PRODUCT_BUNDLE_IDENTIFIER = com.nn.SandboxTests;
				PRODUCT_NAME = "$(TARGET_NAME)";
				SDKROOT = auto;
				SUPPORTED_PLATFORMS = "iphoneos iphonesimulator macosx";
				SWIFT_EMIT_LOC_STRINGS = NO;
				SWIFT_VERSION = 5.0;
				TARGETED_DEVICE_FAMILY = "1,2";
				TEST_HOST = "$(BUILT_PRODUCTS_DIR)/Sandbox.app/$(BUNDLE_EXECUTABLE_FOLDER_PATH)/Sandbox";
			};
			name = Release;
		};
		5334C2222A2A00040085EB17 /* Debug */ = {
			isa = XCBuildConfiguration;
			buildSettings = {
				ALWAYS_EMBED_SWIFT_STANDARD_LIBRARIES = YES;
				CODE_SIGN_STYLE = Automatic;
				CURRENT_PROJECT_VERSION = 1;
				GENERATE_INFOPLIST_FILE = YES;
				IPHONEOS_DEPLOYMENT_TARGET = 16.4;
				MACOSX_DEPLOYMENT_TARGET = 13.3;
				MARKETING_VERSION = 1.0;
				PRODUCT_BUNDLE_IDENTIFIER = com.nn.SandboxUITests;
				PRODUCT_NAME = "$(TARGET_NAME)";
				SDKROOT = auto;
				SUPPORTED_PLATFORMS = "iphoneos iphonesimulator macosx";
				SWIFT_EMIT_LOC_STRINGS = NO;
				SWIFT_VERSION = 5.0;
				TARGETED_DEVICE_FAMILY = "1,2";
				TEST_TARGET_NAME = Sandbox;
			};
			name = Debug;
		};
		5334C2232A2A00040085EB17 /* Release */ = {
			isa = XCBuildConfiguration;
			buildSettings = {
				ALWAYS_EMBED_SWIFT_STANDARD_LIBRARIES = YES;
				CODE_SIGN_STYLE = Automatic;
				CURRENT_PROJECT_VERSION = 1;
				GENERATE_INFOPLIST_FILE = YES;
				IPHONEOS_DEPLOYMENT_TARGET = 16.4;
				MACOSX_DEPLOYMENT_TARGET = 13.3;
				MARKETING_VERSION = 1.0;
				PRODUCT_BUNDLE_IDENTIFIER = com.nn.SandboxUITests;
				PRODUCT_NAME = "$(TARGET_NAME)";
				SDKROOT = auto;
				SUPPORTED_PLATFORMS = "iphoneos iphonesimulator macosx";
				SWIFT_EMIT_LOC_STRINGS = NO;
				SWIFT_VERSION = 5.0;
				TARGETED_DEVICE_FAMILY = "1,2";
				TEST_TARGET_NAME = Sandbox;
			};
			name = Release;
		};
/* End XCBuildConfiguration section */

/* Begin XCConfigurationList section */
		5334C1F12A2A00020085EB17 /* Build configuration list for PBXProject "Sandbox" */ = {
			isa = XCConfigurationList;
			buildConfigurations = (
				5334C2192A2A00040085EB17 /* Debug */,
				5334C21A2A2A00040085EB17 /* Release */,
			);
			defaultConfigurationIsVisible = 0;
			defaultConfigurationName = Release;
		};
		5334C21B2A2A00040085EB17 /* Build configuration list for PBXNativeTarget "Sandbox" */ = {
			isa = XCConfigurationList;
			buildConfigurations = (
				5334C21C2A2A00040085EB17 /* Debug */,
				5334C21D2A2A00040085EB17 /* Release */,
			);
			defaultConfigurationIsVisible = 0;
			defaultConfigurationName = Release;
		};
		5334C21E2A2A00040085EB17 /* Build configuration list for PBXNativeTarget "SandboxTests" */ = {
			isa = XCConfigurationList;
			buildConfigurations = (
				5334C21F2A2A00040085EB17 /* Debug */,
				5334C2202A2A00040085EB17 /* Release */,
			);
			defaultConfigurationIsVisible = 0;
			defaultConfigurationName = Release;
		};
		5334C2212A2A00040085EB17 /* Build configuration list for PBXNativeTarget "SandboxUITests" */ = {
			isa = XCConfigurationList;
			buildConfigurations = (
				5334C2222A2A00040085EB17 /* Debug */,
				5334C2232A2A00040085EB17 /* Release */,
			);
			defaultConfigurationIsVisible = 0;
			defaultConfigurationName = Release;
		};
/* End XCConfigurationList section */
	};
	rootObject = 5334C1EE2A2A00020085EB17 /* Project object */;
}
